{
  "name": "openalpr-example",
  "lockfileVersion": 2,
  "requires": true,
  "packages": {
    "": {
      "name": "openalpr-example",
      "dependencies": {
        "openalpr": "file:.."
      }
    },
    "..": {
      "version": "0.3.4-alpha.2",
      "license": "MIT",
      "dependencies": {
        "axios": "0.21.4"
      },
      "devDependencies": {
        "@rollup/plugin-commonjs": "20.0.0",
        "@rollup/plugin-json": "4.1.0",
        "@rollup/plugin-node-resolve": "10.0.0",
        "@stryker-mutator/core": "5.4.0",
        "@stryker-mutator/html-reporter": "3.1.0",
        "@stryker-mutator/javascript-mutator": "4.0.0",
        "@stryker-mutator/jest-runner": "5.4.0",
        "debug": "4.3.2",
        "rollup": "2.56.3"
      },
      "engines": {
        "node": ">=8",
        "npm": ">=5.7.0"
      }
    },
    "node_modules/openalpr": {
      "resolved": "..",
      "link": true
    }
  },
  "dependencies": {
    "openalpr": {
      "version": "file:..",
      "requires": {
        "@rollup/plugin-commonjs": "20.0.0",
        "@rollup/plugin-json": "4.1.0",
        "@rollup/plugin-node-resolve": "10.0.0",
        "@stryker-mutator/core": "5.4.0",
        "@stryker-mutator/html-reporter": "3.1.0",
        "@stryker-mutator/javascript-mutator": "4.0.0",
        "@stryker-mutator/jest-runner": "5.4.0",
        "axios": "0.21.4",
        "debug": "4.3.2",
        "rollup": "2.56.3"
      }
    }
  }
}
